{
  "name": "mypro",
  "version": "0.1.0",
  "lockfileVersion": 1,
  "requires": true,
  "dependencies": {
    "@vue/cli-plugin-babel": {
      "version": "4.1.1",
      "resolved": "https://registry.npm.taobao.org/@vue/cli-plugin-babel/download/@vue/cli-plugin-babel-4.1.1.tgz?cache=0&sync_timestamp=1574868791971&other_urls=https%3A%2F%2Fregistry.npm.taobao.org%2F%40vue%2Fcli-plugin-babel%2Fdownload%2F%40vue%2Fcli-plugin-babel-4.1.1.tgz",
      "integrity": "sha1-qicQCiWjhfVOKnoryXr0ff3VeyU=",
      "dev": true
    },
    "@vue/cli-plugin-eslint": {
      "version": "4.1.1",
      "resolved": "https://registry.npm.taobao.org/@vue/cli-plugin-eslint/download/@vue/cli-plugin-eslint-4.1.1.tgz?cache=0&sync_timestamp=1574867942390&other_urls=https%3A%2F%2Fregistry.npm.taobao.org%2F%40vue%2Fcli-plugin-eslint%2Fdownload%2F%40vue%2Fcli-plugin-eslint-4.1.1.tgz",
      "integrity": "sha1-rQm3H5TcdRimyD3rrNOeNPbVpx4=",
      "dev": true
    },
    "@vue/cli-service": {
      "version": "4.1.1",
      "resolved": "https://registry.npm.taobao.org/@vue/cli-service/download/@vue/cli-service-4.1.1.tgz?cache=0&sync_timestamp=1574868794589&other_urls=https%3A%2F%2Fregistry.npm.taobao.org%2F%40vue%2Fcli-service%2Fdownload%2F%40vue%2Fcli-service-4.1.1.tgz",
      "integrity": "sha1-oU6dRVdS8ajk6HrENuveiMrYInY=",
      "dev": true,
      "dependencies": {
        "cacache": {
          "version": "13.0.1",
          "resolved": "https://registry.npm.taobao.org/cacache/download/cacache-13.0.1.tgz?cache=0&sync_timestamp=1569877601435&other_urls=https%3A%2F%2Fregistry.npm.taobao.org%2Fcacache%2Fdownload%2Fcacache-13.0.1.tgz",
          "integrity": "sha1-qAAMIWlwiQgvhSh6GuxuOCAkpxw=",
          "dependencies": {
            "ssri": {
              "version": "7.1.0",
              "resolved": "https://registry.npm.taobao.org/ssri/download/ssri-7.1.0.tgz",
              "integrity": "sha1-ksJBv23oI2W1x/tL126XVSLhKU0="
            }
          }
        },
        "find-cache-dir": {
          "version": "3.2.0",
          "resolved": "https://registry.npm.taobao.org/find-cache-dir/download/find-cache-dir-3.2.0.tgz?cache=0&sync_timestamp=1576153168410&other_urls=https%3A%2F%2Fregistry.npm.taobao.org%2Ffind-cache-dir%2Fdownload%2Ffind-cache-dir-3.2.0.tgz",
          "integrity": "sha1-5/5EwavBKZ9RYUblYxCP0QBsGHQ="
        },
        "find-up": {
          "version": "4.1.0",
          "resolved": "https://registry.npm.taobao.org/find-up/download/find-up-4.1.0.tgz",
          "integrity": "sha1-l6/n1s3AvFkoWEt8jXsW6KmqXRk="
        },
        "locate-path": {
          "version": "5.0.0",
          "resolved": "https://registry.npm.taobao.org/locate-path/download/locate-path-5.0.0.tgz",
          "integrity": "sha1-Gvujlq/WdqbUJQTQpno6frn2KqA="
        },
        "make-dir": {
          "version": "3.0.0",
          "resolved": "https://registry.npm.taobao.org/make-dir/download/make-dir-3.0.0.tgz",
          "integrity": "sha1-G1859rknDtM/nwVMXA+EMEmJ+AE="
        },
        "p-locate": {
          "version": "4.1.0",
          "resolved": "https://registry.npm.taobao.org/p-locate/download/p-locate-4.1.0.tgz",
          "integrity": "sha1-o0KLtwiLOmApL2aRkni3wpetTwc="
        },
        "path-exists": {
          "version": "4.0.0",
          "resolved": "https://registry.npm.taobao.org/path-exists/download/path-exists-4.0.0.tgz",
          "integrity": "sha1-UTvb4tO5XXdi6METfvoZXGxhtbM="
        },
        "pkg-dir": {
          "version": "4.2.0",
          "resolved": "https://registry.npm.taobao.org/pkg-dir/download/pkg-dir-4.2.0.tgz",
          "integrity": "sha1-8JkTPfft5CLoHR2ESCcO6z5CYfM="
        },
        "semver": {
          "version": "6.3.0",
          "resolved": "https://registry.npm.taobao.org/semver/download/semver-6.3.0.tgz?cache=0&sync_timestamp=1576601833267&other_urls=https%3A%2F%2Fregistry.npm.taobao.org%2Fsemver%2Fdownload%2Fsemver-6.3.0.tgz",
          "integrity": "sha1-7gpkyK9ejO6mdoexM3YeG+y9HT0="
        },
        "slash": {
          "version": "3.0.0",
          "resolved": "https://registry.npm.taobao.org/slash/download/slash-3.0.0.tgz",
          "integrity": "sha1-ZTm+hwwWWtvVJAIg2+Nh8bxNRjQ="
        },
        "source-map": {
          "version": "0.6.1",
          "resolved": "https://registry.npm.taobao.org/source-map/download/source-map-0.6.1.tgz",
          "integrity": "sha1-dHIq8y6WFOnCh6jQu95IteLxomM="
        },
        "terser-webpack-plugin": {
          "version": "2.3.1",
          "resolved": "https://registry.npm.taobao.org/terser-webpack-plugin/download/terser-webpack-plugin-2.3.1.tgz?cache=0&sync_timestamp=1576580692685&other_urls=https%3A%2F%2Fregistry.npm.taobao.org%2Fterser-webpack-plugin%2Fdownload%2Fterser-webpack-plugin-2.3.1.tgz",
          "integrity": "sha1-amPCfevBWyX/0liFYu4u6r3KuSM="
        }
      }
    },
    "axios": {
      "version": "0.21.1",
      "resolved": "https://registry.npmjs.org/axios/-/axios-0.21.1.tgz",
      "integrity": "sha512-dKQiRHxGD9PPRIUNIWvZhPTPpl1rf/OxTYKsqKUDjBwYylTvV7SjSHJb9ratfyzM6wCdLCOYLzs73qpg5c4iGA==",
      "requires": {
        "follow-redirects": "^1.10.0"
      },
      "dependencies": {
        "follow-redirects": {
          "version": "1.13.1",
          "resolved": "https://registry.npmjs.org/follow-redirects/-/follow-redirects-1.13.1.tgz",
          "integrity": "sha512-SSG5xmZh1mkPGyKzjZP8zLjltIfpW32Y5QpdNJyjcfGxK3qo3NDDkZOZSFiGn1A6SclQxY9GzEwAHQ3dmYRWpg=="
        }
      }
    },
    "babel-eslint": {
      "version": "10.0.3",
      "resolved": "https://registry.npm.taobao.org/babel-eslint/download/babel-eslint-10.0.3.tgz?cache=0&other_urls=https%3A%2F%2Fregistry.npm.taobao.org%2Fbabel-eslint%2Fdownload%2Fbabel-eslint-10.0.3.tgz",
      "integrity": "sha1-gaLGab4PIF4ZRi/tJILTPkaHqIo=",
      "dev": true
    },
    "core-js": {
      "version": "3.5.0",
      "resolved": "https://registry.npm.taobao.org/core-js/download/core-js-3.5.0.tgz",
      "integrity": "sha1-Zt+OSb5L13Xm+VKp0IO3Vq1Bwe0="
    },
    "eslint": {
      "version": "5.16.0",
      "resolved": "https://registry.npm.taobao.org/eslint/download/eslint-5.16.0.tgz?cache=0&sync_timestamp=1575161102132&other_urls=https%3A%2F%2Fregistry.npm.taobao.org%2Feslint%2Fdownload%2Feslint-5.16.0.tgz",
      "integrity": "sha1-oeOsGq5KP72Clvz496tzFMu2q+o=",
      "dev": true,
      "dependencies": {
        "ansi-regex": {
          "version": "3.0.0",
          "resolved": "https://registry.npm.taobao.org/ansi-regex/download/ansi-regex-3.0.0.tgz?cache=0&other_urls=https%3A%2F%2Fregistry.npm.taobao.org%2Fansi-regex%2Fdownload%2Fansi-regex-3.0.0.tgz",
          "integrity": "sha1-7QMXwyIGT3lGbAKWa922Bas32Zg="
        },
        "import-fresh": {
          "version": "3.2.1",
          "resolved": "https://registry.npm.taobao.org/import-fresh/download/import-fresh-3.2.1.tgz?cache=0&sync_timestamp=1573665120798&other_urls=https%3A%2F%2Fregistry.npm.taobao.org%2Fimport-fresh%2Fdownload%2Fimport-fresh-3.2.1.tgz",
          "integrity": "sha1-Yz/2GFBueTr1rJG/SLcmd+FcvmY="
        },
        "resolve-from": {
          "version": "4.0.0",
          "resolved": "https://registry.npm.taobao.org/resolve-from/download/resolve-from-4.0.0.tgz",
          "integrity": "sha1-SrzYUq0y3Xuqv+m0DgCjbbXzkuY="
        },
        "strip-ansi": {
          "version": "4.0.0",
          "resolved": "https://registry.npm.taobao.org/strip-ansi/download/strip-ansi-4.0.0.tgz",
          "integrity": "sha1-qEeQIusaw2iocTibY1JixQXuNo8="
        }
      }
    },
    "eslint-plugin-vue": {
      "version": "5.2.3",
      "resolved": "https://registry.npm.taobao.org/eslint-plugin-vue/download/eslint-plugin-vue-5.2.3.tgz?cache=0&sync_timestamp=1573637114128&other_urls=https%3A%2F%2Fregistry.npm.taobao.org%2Feslint-plugin-vue%2Fdownload%2Feslint-plugin-vue-5.2.3.tgz",
      "integrity": "sha1-PudZfYI7VHiASy/rqYY7G3QnOWE=",
      "dev": true
    },
    "vue": {
      "version": "2.6.11",
      "resolved": "https://registry.npm.taobao.org/vue/download/vue-2.6.11.tgz?cache=0&sync_timestamp=1576267395423&other_urls=https%3A%2F%2Fregistry.npm.taobao.org%2Fvue%2Fdownload%2Fvue-2.6.11.tgz",
      "integrity": "sha1-dllNh31LEiNEBuhONSdcbVFBJcU="
    },
    "vue-router": {
      "version": "3.1.3",
      "resolved": "https://registry.npm.taobao.org/vue-router/download/vue-router-3.1.3.tgz",
      "integrity": "sha1-5rFPq8DA7p/aDiy72nSzUOKOQSs="
    },
    "vue-template-compiler": {
      "version": "2.6.11",
      "resolved": "https://registry.npm.taobao.org/vue-template-compiler/download/vue-template-compiler-2.6.11.tgz?cache=0&sync_timestamp=1576267389403&other_urls=https%3A%2F%2Fregistry.npm.taobao.org%2Fvue-template-compiler%2Fdownload%2Fvue-template-compiler-2.6.11.tgz",
      "integrity": "sha1-wEcE749JixUxMAGJk+VjCdRpgIA=",
      "dev": true
    }
  }
}
